
Microsoft Visual Studio Solution File, Format Version 12.00
# Visual Studio Version 17
VisualStudioVersion = 17.10.34720.177
MinimumVisualStudioVersion = 10.0.40219.1
Project("{FAE04EC0-301F-11D3-BF4B-00C04F79EFBC}") = "ConsoleApp26", "ConsoleApp26\ConsoleApp26.csproj", "{3E3CA3B2-49B3-42A6-B0A0-8FB66093B77A}"
EndProject
Global
	GlobalSection(SolutionConfigurationPlatforms) = preSolution
		Debug|Any CPU = Debug|Any CPU
		Release|Any CPU = Release|Any CPU
	EndGlobalSection
	GlobalSection(ProjectConfigurationPlatforms) = postSolution
		{3E3CA3B2-49B3-42A6-B0A0-8FB66093B77A}.Debug|Any CPU.ActiveCfg = Debug|Any CPU
		{3E3CA3B2-49B3-42A6-B0A0-8FB66093B77A}.Debug|Any CPU.Build.0 = Debug|Any CPU
		{3E3CA3B2-49B3-42A6-B0A0-8FB66093B77A}.Release|Any CPU.ActiveCfg = Release|Any CPU
		{3E3CA3B2-49B3-42A6-B0A0-8FB66093B77A}.Release|Any CPU.Build.0 = Release|Any CPU
	EndGlobalSection
	GlobalSection(SolutionProperties) = preSolution
		HideSolutionNode = FALSE
	EndGlobalSection
	GlobalSection(ExtensibilityGlobals) = postSolution
		SolutionGuid = {87542FCC-43D2-4B5A-B605-D2FB7551CE2A}
	EndGlobalSection
EndGlobal
